
Microsoft Visual Studio Solution File, Format Version 12.00
Project("{2150E333-8FDC-42A3-9474-1A3956D46DE8}") = "src", "src", "{1FE9AA9E-ACA0-404C-A0CF-59869A13292D}"
EndProject
Project("{FAE04EC0-301F-11D3-BF4B-00C04F79EFBC}") = "BinarySerialization", "BinarySerialization\BinarySerialization.csproj", "{1B5F8511-B0F4-4A47-A94C-92718135A943}"
EndProject
Project("{2150E333-8FDC-42A3-9474-1A3956D46DE8}") = "CloneObject", "CloneObject", "{12846450-2535-4151-8747-60716FCDD7A6}"
EndProject
Project("{2150E333-8FDC-42A3-9474-1A3956D46DE8}") = "tests", "tests", "{E378B115-638D-41E4-878C-5A3D146D6BB3}"
EndProject
Project("{2150E333-8FDC-42A3-9474-1A3956D46DE8}") = "CloneObjectTests", "CloneObjectTests", "{571C126A-CE3D-4DB9-8F1C-DB3F63A30AF2}"
EndProject
Project("{FAE04EC0-301F-11D3-BF4B-00C04F79EFBC}") = "TestBinarySerialization", "TestBinarySerialization\TestBinarySerialization.csproj", "{B7B968A7-8DBC-4A21-B1CC-FB290BD61E17}"
EndProject
Project("{FAE04EC0-301F-11D3-BF4B-00C04F79EFBC}") = "XMLSerialization", "XMLSerialization\XMLSerialization.csproj", "{ABA9AB44-5AAB-4579-9694-CFB29AA8EFA1}"
EndProject
Project("{FAE04EC0-301F-11D3-BF4B-00C04F79EFBC}") = "CloneObject.Domain", "CloneObject.Domain\CloneObject.Domain.csproj", "{EF14771F-0946-4398-9D64-58E708E9865A}"
EndProject
Global
	GlobalSection(SolutionConfigurationPlatforms) = preSolution
		Debug|Any CPU = Debug|Any CPU
		Release|Any CPU = Release|Any CPU
	EndGlobalSection
	GlobalSection(NestedProjects) = preSolution
		{12846450-2535-4151-8747-60716FCDD7A6} = {1FE9AA9E-ACA0-404C-A0CF-59869A13292D}
		{1B5F8511-B0F4-4A47-A94C-92718135A943} = {12846450-2535-4151-8747-60716FCDD7A6}
		{571C126A-CE3D-4DB9-8F1C-DB3F63A30AF2} = {E378B115-638D-41E4-878C-5A3D146D6BB3}
		{B7B968A7-8DBC-4A21-B1CC-FB290BD61E17} = {571C126A-CE3D-4DB9-8F1C-DB3F63A30AF2}
		{ABA9AB44-5AAB-4579-9694-CFB29AA8EFA1} = {12846450-2535-4151-8747-60716FCDD7A6}
		{EF14771F-0946-4398-9D64-58E708E9865A} = {12846450-2535-4151-8747-60716FCDD7A6}
	EndGlobalSection
	GlobalSection(ProjectConfigurationPlatforms) = postSolution
		{B7B968A7-8DBC-4A21-B1CC-FB290BD61E17}.Debug|Any CPU.ActiveCfg = Debug|Any CPU
		{B7B968A7-8DBC-4A21-B1CC-FB290BD61E17}.Debug|Any CPU.Build.0 = Debug|Any CPU
		{B7B968A7-8DBC-4A21-B1CC-FB290BD61E17}.Release|Any CPU.ActiveCfg = Release|Any CPU
		{B7B968A7-8DBC-4A21-B1CC-FB290BD61E17}.Release|Any CPU.Build.0 = Release|Any CPU
		{ABA9AB44-5AAB-4579-9694-CFB29AA8EFA1}.Debug|Any CPU.ActiveCfg = Debug|Any CPU
		{ABA9AB44-5AAB-4579-9694-CFB29AA8EFA1}.Debug|Any CPU.Build.0 = Debug|Any CPU
		{ABA9AB44-5AAB-4579-9694-CFB29AA8EFA1}.Release|Any CPU.ActiveCfg = Release|Any CPU
		{ABA9AB44-5AAB-4579-9694-CFB29AA8EFA1}.Release|Any CPU.Build.0 = Release|Any CPU
		{EF14771F-0946-4398-9D64-58E708E9865A}.Debug|Any CPU.ActiveCfg = Debug|Any CPU
		{EF14771F-0946-4398-9D64-58E708E9865A}.Debug|Any CPU.Build.0 = Debug|Any CPU
		{EF14771F-0946-4398-9D64-58E708E9865A}.Release|Any CPU.ActiveCfg = Release|Any CPU
		{EF14771F-0946-4398-9D64-58E708E9865A}.Release|Any CPU.Build.0 = Release|Any CPU
		{1B5F8511-B0F4-4A47-A94C-92718135A943}.Debug|Any CPU.ActiveCfg = Debug|Any CPU
		{1B5F8511-B0F4-4A47-A94C-92718135A943}.Debug|Any CPU.Build.0 = Debug|Any CPU
	EndGlobalSection
EndGlobal
